
Microsoft Visual Studio Solution File, Format Version 12.00
# Visual Studio 15
VisualStudioVersion = 15.0.28307.902
MinimumVisualStudioVersion = 10.0.40219.1
Project("{FAE04EC0-301F-11D3-BF4B-00C04F79EFBC}") = "ConsoleApp1", "ConsoleApp1\ConsoleApp1.csproj", "{71022E47-1F47-4F3D-B6E9-D814F1D93AB4}"
EndProject
Global
	GlobalSection(SolutionConfigurationPlatforms) = preSolution
		Debug|Any CPU = Debug|Any CPU
		Release|Any CPU = Release|Any CPU
	EndGlobalSection
	GlobalSection(ProjectConfigurationPlatforms) = postSolution
		{71022E47-1F47-4F3D-B6E9-D814F1D93AB4}.Debug|Any CPU.ActiveCfg = Debug|Any CPU
		{71022E47-1F47-4F3D-B6E9-D814F1D93AB4}.Debug|Any CPU.Build.0 = Debug|Any CPU
		{71022E47-1F47-4F3D-B6E9-D814F1D93AB4}.Release|Any CPU.ActiveCfg = Release|Any CPU
		{71022E47-1F47-4F3D-B6E9-D814F1D93AB4}.Release|Any CPU.Build.0 = Release|Any CPU
	EndGlobalSection
	GlobalSection(SolutionProperties) = preSolution
		HideSolutionNode = FALSE
	EndGlobalSection
	GlobalSection(ExtensibilityGlobals) = postSolution
		SolutionGuid = {1AE10D2F-5220-4344-8686-9C43A592FB6A}
	EndGlobalSection
EndGlobal
